
Microsoft Visual Studio Solution File, Format Version 12.00
# Visual Studio Version 16
VisualStudioVersion = 16.0.30114.105
MinimumVisualStudioVersion = 10.0.40219.1
Project("{FAE04EC0-301F-11D3-BF4B-00C04F79EFBC}") = "R5T.D0109.I0001", "R5T.D0109.I0001\R5T.D0109.I0001.csproj", "{29C83EDE-84E1-45A7-8487-7DA2434E4AC8}"
EndProject
Project("{FAE04EC0-301F-11D3-BF4B-00C04F79EFBC}") = "R5T.D0109.I0001.Construction", "R5T.D0109.I0001.Construction\R5T.D0109.I0001.Construction.csproj", "{E48E9E78-495B-4B26-92E0-436D9BA0B74B}"
EndProject
Global
	GlobalSection(SolutionConfigurationPlatforms) = preSolution
		Debug|Any CPU = Debug|Any CPU
		Debug|x64 = Debug|x64
		Debug|x86 = Debug|x86
		Release|Any CPU = Release|Any CPU
		Release|x64 = Release|x64
		Release|x86 = Release|x86
	EndGlobalSection
	GlobalSection(SolutionProperties) = preSolution
		HideSolutionNode = FALSE
	EndGlobalSection
	GlobalSection(ProjectConfigurationPlatforms) = postSolution
		{29C83EDE-84E1-45A7-8487-7DA2434E4AC8}.Debug|Any CPU.ActiveCfg = Debug|Any CPU
		{29C83EDE-84E1-45A7-8487-7DA2434E4AC8}.Debug|Any CPU.Build.0 = Debug|Any CPU
		{29C83EDE-84E1-45A7-8487-7DA2434E4AC8}.Debug|x64.ActiveCfg = Debug|Any CPU
		{29C83EDE-84E1-45A7-8487-7DA2434E4AC8}.Debug|x64.Build.0 = Debug|Any CPU
		{29C83EDE-84E1-45A7-8487-7DA2434E4AC8}.Debug|x86.ActiveCfg = Debug|Any CPU
		{29C83EDE-84E1-45A7-8487-7DA2434E4AC8}.Debug|x86.Build.0 = Debug|Any CPU
		{29C83EDE-84E1-45A7-8487-7DA2434E4AC8}.Release|Any CPU.ActiveCfg = Release|Any CPU
		{29C83EDE-84E1-45A7-8487-7DA2434E4AC8}.Release|Any CPU.Build.0 = Release|Any CPU
		{29C83EDE-84E1-45A7-8487-7DA2434E4AC8}.Release|x64.ActiveCfg = Release|Any CPU
		{29C83EDE-84E1-45A7-8487-7DA2434E4AC8}.Release|x64.Build.0 = Release|Any CPU
		{29C83EDE-84E1-45A7-8487-7DA2434E4AC8}.Release|x86.ActiveCfg = Release|Any CPU
		{29C83EDE-84E1-45A7-8487-7DA2434E4AC8}.Release|x86.Build.0 = Release|Any CPU
		{E48E9E78-495B-4B26-92E0-436D9BA0B74B}.Debug|Any CPU.ActiveCfg = Debug|Any CPU
		{E48E9E78-495B-4B26-92E0-436D9BA0B74B}.Debug|Any CPU.Build.0 = Debug|Any CPU
		{E48E9E78-495B-4B26-92E0-436D9BA0B74B}.Debug|x64.ActiveCfg = Debug|Any CPU
		{E48E9E78-495B-4B26-92E0-436D9BA0B74B}.Debug|x64.Build.0 = Debug|Any CPU
		{E48E9E78-495B-4B26-92E0-436D9BA0B74B}.Debug|x86.ActiveCfg = Debug|Any CPU
		{E48E9E78-495B-4B26-92E0-436D9BA0B74B}.Debug|x86.Build.0 = Debug|Any CPU
		{E48E9E78-495B-4B26-92E0-436D9BA0B74B}.Release|Any CPU.ActiveCfg = Release|Any CPU
		{E48E9E78-495B-4B26-92E0-436D9BA0B74B}.Release|Any CPU.Build.0 = Release|Any CPU
		{E48E9E78-495B-4B26-92E0-436D9BA0B74B}.Release|x64.ActiveCfg = Release|Any CPU
		{E48E9E78-495B-4B26-92E0-436D9BA0B74B}.Release|x64.Build.0 = Release|Any CPU
		{E48E9E78-495B-4B26-92E0-436D9BA0B74B}.Release|x86.ActiveCfg = Release|Any CPU
		{E48E9E78-495B-4B26-92E0-436D9BA0B74B}.Release|x86.Build.0 = Release|Any CPU
	EndGlobalSection
EndGlobal
